# THIS IS AN AUTOGENERATED FILE. DO NOT EDIT THIS FILE DIRECTLY.
# yarn lockfile v1


ramda@^0.26.1:
  version "0.26.1"
  resolved "https://registry.yarnpkg.com/ramda/-/ramda-0.26.1.tgz#8d41351eb8111c55353617fc3bbffad8e4d35d06"
  integrity sha512-hLWjpy7EnsDBb0p+Z3B7rPi3GDeRG5ZtiI33kJhTt+ORCd38AbAIjB/9zRIUoeTbE/AVX5ZkU7m6bznsvrf8eQ==

repl-maker@^0.0.2:
  version "0.0.2"
  resolved "https://registry.yarnpkg.com/repl-maker/-/repl-maker-0.0.2.tgz#2d91ed72223eb8960b88a213e0d9b72171eb97af"
  integrity sha512-qvsBJM4QcEkc8qtApJsrdSdBWz+85MIY454eg3Msw8gxk9O7AEwbI08KvTAwvbMupaqnZ5APgwhWIRF7EJSLAw==
  dependencies:
    repl.history "^0.1.4"

repl.history@^0.1.4:
  version "0.1.4"
  resolved "https://registry.yarnpkg.com/repl.history/-/repl.history-0.1.4.tgz#80367171f3781d6e4299c71758c253097f5d5832"
  integrity sha1-gDZxcfN4HW5CmccXWMJTCX9dWDI=
